
Microsoft Visual Studio Solution File, Format Version 12.00
# Visual Studio Version 17
VisualStudioVersion = 17.14.36518.9 d17.14
MinimumVisualStudioVersion = 10.0.40219.1
Project("{FAE04EC0-301F-11D3-BF4B-00C04F79EFBC}") = "WebApplication2", "WebApplication2\WebApplication2.csproj", "{EFB433D2-88DD-45CF-8992-459DA58D7156}"
EndProject
Global
	GlobalSection(SolutionConfigurationPlatforms) = preSolution
		Debug|Any CPU = Debug|Any CPU
		Release|Any CPU = Release|Any CPU
	EndGlobalSection
	GlobalSection(ProjectConfigurationPlatforms) = postSolution
		{EFB433D2-88DD-45CF-8992-459DA58D7156}.Debug|Any CPU.ActiveCfg = Debug|Any CPU
		{EFB433D2-88DD-45CF-8992-459DA58D7156}.Debug|Any CPU.Build.0 = Debug|Any CPU
		{EFB433D2-88DD-45CF-8992-459DA58D7156}.Release|Any CPU.ActiveCfg = Release|Any CPU
		{EFB433D2-88DD-45CF-8992-459DA58D7156}.Release|Any CPU.Build.0 = Release|Any CPU
	EndGlobalSection
	GlobalSection(SolutionProperties) = preSolution
		HideSolutionNode = FALSE
	EndGlobalSection
	GlobalSection(ExtensibilityGlobals) = postSolution
		SolutionGuid = {0BCB0E8E-B795-4492-B25B-D5E700D1A026}
	EndGlobalSection
EndGlobal
